
Microsoft Visual Studio Solution File, Format Version 12.00
# Visual Studio 15
VisualStudioVersion = 15.0.26403.7
MinimumVisualStudioVersion = 10.0.40219.1
Project("{FAE04EC0-301F-11D3-BF4B-00C04F79EFBC}") = "HelloCI.Web", "src\app\HelloCI.Web\HelloCI.Web.csproj", "{3FA6D606-CD4F-491C-B49B-1DCC7D7E0EB1}"
EndProject
Project("{FAE04EC0-301F-11D3-BF4B-00C04F79EFBC}") = "HelloCI.Tests", "src\tests\HelloCI.Tests\HelloCI.Tests.csproj", "{FF4F6467-6672-4040-A7C3-99BDE7C30D63}"
EndProject
Project("{FAE04EC0-301F-11D3-BF4B-00C04F79EFBC}") = "HelloCI.Core", "src\app\HelloCI.Core\HelloCI.Core.csproj", "{65B5B913-0BEA-444B-A6F0-3C31529D18A8}"
EndProject
Global
	GlobalSection(SolutionConfigurationPlatforms) = preSolution
		Debug|Any CPU = Debug|Any CPU
		Release|Any CPU = Release|Any CPU
	EndGlobalSection
	GlobalSection(ProjectConfigurationPlatforms) = postSolution
		{3FA6D606-CD4F-491C-B49B-1DCC7D7E0EB1}.Debug|Any CPU.ActiveCfg = Debug|Any CPU
		{3FA6D606-CD4F-491C-B49B-1DCC7D7E0EB1}.Debug|Any CPU.Build.0 = Debug|Any CPU
		{3FA6D606-CD4F-491C-B49B-1DCC7D7E0EB1}.Release|Any CPU.ActiveCfg = Release|Any CPU
		{3FA6D606-CD4F-491C-B49B-1DCC7D7E0EB1}.Release|Any CPU.Build.0 = Release|Any CPU
		{FF4F6467-6672-4040-A7C3-99BDE7C30D63}.Debug|Any CPU.ActiveCfg = Debug|Any CPU
		{FF4F6467-6672-4040-A7C3-99BDE7C30D63}.Debug|Any CPU.Build.0 = Debug|Any CPU
		{FF4F6467-6672-4040-A7C3-99BDE7C30D63}.Release|Any CPU.ActiveCfg = Release|Any CPU
		{FF4F6467-6672-4040-A7C3-99BDE7C30D63}.Release|Any CPU.Build.0 = Release|Any CPU
		{65B5B913-0BEA-444B-A6F0-3C31529D18A8}.Debug|Any CPU.ActiveCfg = Debug|Any CPU
		{65B5B913-0BEA-444B-A6F0-3C31529D18A8}.Debug|Any CPU.Build.0 = Debug|Any CPU
		{65B5B913-0BEA-444B-A6F0-3C31529D18A8}.Release|Any CPU.ActiveCfg = Release|Any CPU
		{65B5B913-0BEA-444B-A6F0-3C31529D18A8}.Release|Any CPU.Build.0 = Release|Any CPU
	EndGlobalSection
	GlobalSection(SolutionProperties) = preSolution
		HideSolutionNode = FALSE
	EndGlobalSection
EndGlobal
